{
  "originHash" : "209136b5f74a1db3717ef9ad15578a82f833dc1ddff52f57c52586e7c2d97410",
  "pins" : [
    {
      "identity" : "swift-custom-dump",
      "kind" : "remoteSourceControl",
      "location" : "https://github.com/pointfreeco/swift-custom-dump",
      "state" : {
        "revision" : "4fb9e7cbb4b8f5a7354005db39447f570d6b3e19",
        "version" : "1.7.3"
      }
    },
    {
      "identity" : "swift-issue-reporting",
      "kind" : "remoteSourceControl",
      "location" : "https://github.com/pointfreeco/swift-issue-reporting",
      "state" : {
        "revision" : "75b000cea2ca6d7527a57e1b9cc0bdf21a9abe9f",
        "version" : "2.1.1"
      }
    }
  ],
  "version" : 3
}
